# This file was autogenerated by uv via the following command:
#    uv export --no-hashes -o requirements-dev.lock
-e .
aiohappyeyeballs==2.6.1
    # via aiohttp
aiohttp==3.13.3
    # via
    #   agentex-sdk
    #   litellm
aiosignal==1.4.0
    # via aiohttp
annotated-doc==0.0.4
    # via fastapi
annotated-types==0.7.0
    # via pydantic
anyio==4.12.1
    # via
    #   agentex-sdk
    #   claude-agent-sdk
    #   httpx
    #   httpx2
    #   mcp
    #   openai
    #   scale-gp
    #   scale-gp-beta
    #   sse-starlette
    #   starlette
    #   watchfiles
asttokens==3.0.1
    # via stack-data
async-timeout==5.0.1 ; python_full_version < '3.11.3'
    # via redis
attrs==25.4.0
    # via
    #   aiohttp
    #   jsonschema
    #   referencing
bytecode==0.17.0
    # via ddtrace
certifi==2026.1.4
    # via
    #   httpcore
    #   httpx
    #   kubernetes
    #   requests
cffi==2.0.0 ; platform_python_implementation != 'PyPy'
    # via cryptography
charset-normalizer==3.4.7
    # via requests
claude-agent-sdk==0.2.87
    # via agentex-sdk
click==8.4.1
    # via
    #   litellm
    #   typer
    #   uvicorn
cloudpickle==3.1.2
    # via agentex-sdk
colorama==0.4.6 ; sys_platform == 'win32'
    # via
    #   click
    #   ipython
    #   pytest
    #   tqdm
comm==0.2.3
    # via ipywidgets
cryptography==48.0.0
    # via pyjwt
ddtrace==4.10.1
    # via agentex-sdk
debugpy==1.8.21
decorator==5.3.1
    # via ipython
dirty-equals==0.11
distro==1.9.0
    # via
    #   agentex-sdk
    #   openai
    #   scale-gp
    #   scale-gp-beta
durationpy==0.10
    # via kubernetes
envier==0.6.1
    # via ddtrace
execnet==2.1.2
    # via pytest-xdist
executing==2.2.1
    # via stack-data
fastapi==0.136.3
    # via agentex-sdk
fastjsonschema==2.21.2
    # via nbformat
fastuuid==0.14.0
    # via litellm
filelock==3.29.0
    # via huggingface-hub
frozenlist==1.8.0
    # via
    #   aiohttp
    #   aiosignal
fsspec==2026.4.0
    # via huggingface-hub
genai-prices==0.0.62
    # via pydantic-ai-slim
griffelib==2.0.2
    # via
    #   openai-agents
    #   pydantic-ai-slim
h11==0.16.0
    # via
    #   httpcore
    #   httpcore2
    #   uvicorn
hf-xet==1.5.0 ; platform_machine == 'AMD64' or platform_machine == 'aarch64' or platform_machine == 'amd64' or platform_machine == 'arm64' or platform_machine == 'x86_64'
    # via huggingface-hub
httpcore==1.0.9
    # via httpx
httpcore2==2.3.0
    # via httpx2
httpx==0.28.1
    # via
    #   agentex-sdk
    #   huggingface-hub
    #   langsmith
    #   litellm
    #   mcp
    #   openai
    #   pydantic-ai-slim
    #   pydantic-graph
    #   respx
    #   scale-gp
    #   scale-gp-beta
httpx-sse==0.4.3
    # via mcp
httpx2==2.3.0
    # via genai-prices
huggingface-hub==1.13.0
    # via tokenizers
idna==3.11
    # via
    #   anyio
    #   httpx
    #   httpx2
    #   requests
    #   yarl
importlib-metadata==8.7.1
    # via litellm
iniconfig==2.3.0
    # via pytest
ipython==9.14.0
    # via ipywidgets
ipython-pygments-lexers==1.1.1
    # via ipython
ipywidgets==8.1.8
jedi==0.20.0
    # via ipython
jinja2==3.1.6
    # via
    #   agentex-sdk
    #   litellm
jiter==0.15.0
    # via openai
json-log-formatter==1.1.1
    # via agentex-sdk
jsonpatch==1.33
    # via langchain-core
jsonpointer==3.1.1
    # via jsonpatch
jsonref==1.1.0
    # via agentex-sdk
jsonschema==4.26.0
    # via
    #   agentex-sdk
    #   litellm
    #   mcp
    #   nbformat
jsonschema-specifications==2025.9.1
    # via jsonschema
jupyter-core==5.9.1
    # via nbformat
jupyterlab-widgets==3.0.16
    # via ipywidgets
kubernetes==35.0.0
    # via agentex-sdk
langchain-core==1.4.0
    # via langgraph-checkpoint
langchain-protocol==0.0.16
    # via langchain-core
langgraph-checkpoint==4.1.1
    # via agentex-sdk
langsmith==0.8.8
    # via langchain-core
litellm==1.87.0
    # via agentex-sdk
logfire-api==4.35.0
    # via pydantic-graph
markdown-it-py==4.0.0
    # via rich
markupsafe==3.0.3
    # via jinja2
matplotlib-inline==0.2.2
    # via ipython
mcp==1.27.2
    # via
    #   agentex-sdk
    #   claude-agent-sdk
    #   openai-agents
mdurl==0.1.2
    # via markdown-it-py
multidict==6.7.0
    # via
    #   aiohttp
    #   yarl
mypy==1.17.0
mypy-extensions==1.1.0
    # via mypy
nbformat==5.10.4
    # via nbstripout
nbstripout==0.9.1
nest-asyncio==1.6.0
nexus-rpc==1.4.0
    # via temporalio
nodeenv==1.10.0
    # via pyright
oauthlib==3.3.1
    # via requests-oauthlib
openai==2.40.0
    # via
    #   agentex-sdk
    #   litellm
    #   openai-agents
openai-agents==0.14.8
    # via agentex-sdk
opentelemetry-api==1.42.1
    # via
    #   agentex-sdk
    #   ddtrace
    #   opentelemetry-sdk
    #   opentelemetry-semantic-conventions
    #   pydantic-ai-slim
opentelemetry-sdk==1.42.1
    # via agentex-sdk
opentelemetry-semantic-conventions==0.63b1
    # via opentelemetry-sdk
orjson==3.11.9 ; platform_python_implementation != 'PyPy'
    # via langsmith
ormsgpack==1.12.2
    # via langgraph-checkpoint
packaging==25.0
    # via
    #   huggingface-hub
    #   langchain-core
    #   langsmith
    #   pytest
parso==0.8.7
    # via jedi
pathspec==1.0.3
    # via mypy
pexpect==4.9.0 ; sys_platform != 'emscripten' and sys_platform != 'win32'
    # via ipython
platformdirs==4.10.0
    # via jupyter-core
pluggy==1.6.0
    # via pytest
prompt-toolkit==3.0.52
    # via
    #   ipython
    #   questionary
propcache==0.4.1
    # via
    #   aiohttp
    #   yarl
protobuf==6.33.6
    # via temporalio
psutil==7.2.2 ; sys_platform != 'emscripten'
    # via ipython
ptyprocess==0.7.0 ; sys_platform != 'emscripten' and sys_platform != 'win32'
    # via pexpect
pure-eval==0.2.3
    # via stack-data
pycparser==3.0 ; implementation_name != 'PyPy' and platform_python_implementation != 'PyPy'
    # via cffi
pydantic==2.12.5
    # via
    #   agentex-sdk
    #   fastapi
    #   genai-prices
    #   langchain-core
    #   langsmith
    #   litellm
    #   mcp
    #   openai
    #   openai-agents
    #   pydantic-ai-slim
    #   pydantic-graph
    #   pydantic-settings
    #   python-on-whales
    #   scale-gp
    #   scale-gp-beta
pydantic-ai-slim==1.105.0
    # via agentex-sdk
pydantic-core==2.41.5
    # via pydantic
pydantic-graph==1.105.0
    # via pydantic-ai-slim
pydantic-settings==2.14.1
    # via mcp
pygments==2.19.2
    # via
    #   ipython
    #   ipython-pygments-lexers
    #   pytest
    #   rich
pyjwt==2.13.0
    # via mcp
pyright==1.1.399
pytest==9.0.2
    # via
    #   pytest-asyncio
    #   pytest-xdist
pytest-asyncio==1.3.0
pytest-xdist==3.8.0
python-dateutil==2.9.0.post0
    # via kubernetes
python-dotenv==1.2.2
    # via
    #   litellm
    #   pydantic-settings
python-multipart==0.0.30
    # via mcp
python-on-whales==0.73.0
    # via agentex-sdk
pywin32==311 ; sys_platform == 'win32'
    # via mcp
pyyaml==6.0.3
    # via
    #   agentex-sdk
    #   huggingface-hub
    #   kubernetes
    #   langchain-core
questionary==2.1.1
    # via agentex-sdk
redis==7.4.0
    # via agentex-sdk
referencing==0.37.0
    # via
    #   jsonschema
    #   jsonschema-specifications
regex==2026.5.9
    # via tiktoken
requests==2.34.2
    # via
    #   kubernetes
    #   langsmith
    #   openai-agents
    #   python-on-whales
    #   requests-oauthlib
    #   requests-toolbelt
    #   tiktoken
requests-oauthlib==2.0.0
    # via kubernetes
requests-toolbelt==1.0.0
    # via langsmith
respx==0.22.0
rich==13.9.4
    # via
    #   agentex-sdk
    #   typer
rpds-py==2026.5.1
    # via
    #   jsonschema
    #   referencing
ruff==0.14.13
scale-gp==0.1.0a62
    # via agentex-sdk
scale-gp-beta==0.2.0
    # via agentex-sdk
shellingham==1.5.4
    # via typer
six==1.17.0
    # via
    #   kubernetes
    #   python-dateutil
sniffio==1.3.1
    # via
    #   agentex-sdk
    #   claude-agent-sdk
    #   openai
    #   scale-gp
    #   scale-gp-beta
sse-starlette==3.4.4
    # via mcp
stack-data==0.6.3
    # via ipython
starlette==1.2.1
    # via
    #   agentex-sdk
    #   fastapi
    #   mcp
    #   sse-starlette
temporalio==1.27.2
    # via agentex-sdk
tenacity==9.1.4
    # via langchain-core
termcolor==3.3.0
    # via yaspin
tiktoken==0.13.0
    # via litellm
time-machine==3.2.0
tokenizers==0.23.1
    # via litellm
tqdm==4.67.3
    # via
    #   huggingface-hub
    #   openai
    #   python-on-whales
traitlets==5.15.0
    # via
    #   ipython
    #   ipywidgets
    #   jupyter-core
    #   matplotlib-inline
    #   nbformat
truststore==0.10.4
    # via
    #   httpcore2
    #   httpx2
typer==0.16.1
    # via
    #   agentex-sdk
    #   huggingface-hub
    #   python-on-whales
types-protobuf==6.32.1.20260221
    # via temporalio
types-requests==2.33.0.20260518
    # via openai-agents
typing-extensions==4.15.0
    # via
    #   agentex-sdk
    #   aiosignal
    #   anyio
    #   fastapi
    #   huggingface-hub
    #   ipython
    #   langchain-core
    #   langchain-protocol
    #   mcp
    #   mypy
    #   nexus-rpc
    #   openai
    #   openai-agents
    #   opentelemetry-api
    #   opentelemetry-sdk
    #   opentelemetry-semantic-conventions
    #   pydantic
    #   pydantic-core
    #   pyright
    #   pytest-asyncio
    #   python-on-whales
    #   referencing
    #   scale-gp
    #   scale-gp-beta
    #   starlette
    #   temporalio
    #   typer
    #   typing-inspection
typing-inspection==0.4.2
    # via
    #   fastapi
    #   mcp
    #   pydantic
    #   pydantic-ai-slim
    #   pydantic-graph
    #   pydantic-settings
urllib3==2.7.0
    # via
    #   kubernetes
    #   requests
    #   types-requests
uuid-utils==0.16.0
    # via
    #   langchain-core
    #   langsmith
uvicorn==0.48.0
    # via
    #   agentex-sdk
    #   mcp
watchfiles==0.24.0
    # via agentex-sdk
wcwidth==0.7.0
    # via prompt-toolkit
websocket-client==1.9.0
    # via kubernetes
websockets==16.0
    # via
    #   langsmith
    #   openai-agents
widgetsnbextension==4.0.15
    # via ipywidgets
wrapt==2.2.1
    # via ddtrace
xxhash==3.7.0
    # via langsmith
yarl==1.22.0
    # via aiohttp
yaspin==3.4.0
    # via agentex-sdk
zipp==3.23.0
    # via importlib-metadata
zstandard==0.25.0
    # via langsmith
